
Microsoft Visual Studio Solution File, Format Version 12.00
# Visual Studio Version 17
VisualStudioVersion = 17.9.34526.213
MinimumVisualStudioVersion = 10.0.40219.1
Project("{8BC9CEB8-8B4A-11D0-8D11-00A0C91BC942}") = "RainDropTest", "RainDropTest\RainDropTest.vcxproj", "{115BDC50-D321-41AA-B74C-A6B2652C7442}"
EndProject
Global
	GlobalSection(SolutionConfigurationPlatforms) = preSolution
		Debug|x64 = Debug|x64
		Debug|x86 = Debug|x86
		Release|x64 = Release|x64
		Release|x86 = Release|x86
	EndGlobalSection
	GlobalSection(ProjectConfigurationPlatforms) = postSolution
		{115BDC50-D321-41AA-B74C-A6B2652C7442}.Debug|x64.ActiveCfg = Debug|x64
		{115BDC50-D321-41AA-B74C-A6B2652C7442}.Debug|x64.Build.0 = Debug|x64
		{115BDC50-D321-41AA-B74C-A6B2652C7442}.Debug|x86.ActiveCfg = Debug|Win32
		{115BDC50-D321-41AA-B74C-A6B2652C7442}.Debug|x86.Build.0 = Debug|Win32
		{115BDC50-D321-41AA-B74C-A6B2652C7442}.Release|x64.ActiveCfg = Release|x64
		{115BDC50-D321-41AA-B74C-A6B2652C7442}.Release|x64.Build.0 = Release|x64
		{115BDC50-D321-41AA-B74C-A6B2652C7442}.Release|x86.ActiveCfg = Release|Win32
		{115BDC50-D321-41AA-B74C-A6B2652C7442}.Release|x86.Build.0 = Release|Win32
	EndGlobalSection
	GlobalSection(SolutionProperties) = preSolution
		HideSolutionNode = FALSE
	EndGlobalSection
	GlobalSection(ExtensibilityGlobals) = postSolution
		SolutionGuid = {C63C0A4B-8029-4201-B815-F1423A4AFC8C}
	EndGlobalSection
EndGlobal
